{
    "version": 3,
    "terraform_version": "0.11.13",
    "serial": 3,
    "lineage": "5e80d977-280c-fe17-2947-119a0990a5ab",
    "modules": [
        {
            "path": [
                "root"
            ],
            "outputs": {},
            "resources": {
                "aws_codebuild_project.trumpmoney": {
                    "type": "aws_codebuild_project",
                    "depends_on": [
                        "aws_iam_role.trumpmoney",
                        "aws_s3_bucket.trumpmoney"
                    ],
                    "primary": {
                        "id": "arn:aws:codebuild:us-west-1:671958020402:project/trumpmoney",
                        "attributes": {
                            "arn": "arn:aws:codebuild:us-west-1:671958020402:project/trumpmoney",
                            "artifacts.#": "1",
                            "artifacts.0.artifact_identifier": "",
                            "artifacts.0.encryption_disabled": "false",
                            "artifacts.0.location": "",
                            "artifacts.0.name": "",
                            "artifacts.0.namespace_type": "",
                            "artifacts.0.override_artifact_name": "false",
                            "artifacts.0.packaging": "",
                            "artifacts.0.path": "",
                            "artifacts.0.type": "NO_ARTIFACTS",
                            "badge_enabled": "false",
                            "badge_url": "",
                            "build_timeout": "5",
                            "cache.#": "1",
                            "cache.0.location": "trumpmoney.john-shenk.com",
                            "cache.0.modes.#": "0",
                            "cache.0.type": "S3",
                            "description": "trumpmoney",
                            "encryption_key": "arn:aws:kms:us-west-1:671958020402:alias/aws/s3",
                            "environment.#": "1",
                            "environment.3306535341.certificate": "",
                            "environment.3306535341.compute_type": "BUILD_GENERAL1_SMALL",
                            "environment.3306535341.environment_variable.#": "0",
                            "environment.3306535341.image": "aws/codebuild/standard:2.0",
                            "environment.3306535341.image_pull_credentials_type": "CODEBUILD",
                            "environment.3306535341.privileged_mode": "false",
                            "environment.3306535341.registry_credential.#": "0",
                            "environment.3306535341.type": "LINUX_CONTAINER",
                            "id": "arn:aws:codebuild:us-west-1:671958020402:project/trumpmoney",
                            "logs_config.#": "1",
                            "logs_config.0.cloudwatch_logs.#": "1",
                            "logs_config.0.cloudwatch_logs.0.group_name": "",
                            "logs_config.0.cloudwatch_logs.0.status": "ENABLED",
                            "logs_config.0.cloudwatch_logs.0.stream_name": "",
                            "logs_config.0.s3_logs.#": "1",
                            "logs_config.0.s3_logs.0.encryption_disabled": "false",
                            "logs_config.0.s3_logs.0.location": "",
                            "logs_config.0.s3_logs.0.status": "DISABLED",
                            "name": "trumpmoney",
                            "secondary_artifacts.#": "0",
                            "secondary_sources.#": "0",
                            "service_role": "arn:aws:iam::671958020402:role/trumpmoney_pipeline_role",
                            "source.#": "1",
                            "source.2646772624.auth.#": "0",
                            "source.2646772624.buildspec": "buildspec.yml",
                            "source.2646772624.git_clone_depth": "1",
                            "source.2646772624.insecure_ssl": "false",
                            "source.2646772624.location": "https://github.com/stinkyfingers/trumpmoney.git",
                            "source.2646772624.report_build_status": "false",
                            "source.2646772624.type": "GITHUB",
                            "tags.%": "1",
                            "tags.Environment": "Prod",
                            "vpc_config.#": "0"
                        },
                        "meta": {},
                        "tainted": false
                    },
                    "deposed": [],
                    "provider": "provider.aws"
                },
                "aws_codebuild_webhook.trumpmoney": {
                    "type": "aws_codebuild_webhook",
                    "depends_on": [
                        "aws_codebuild_project.trumpmoney"
                    ],
                    "primary": {
                        "id": "trumpmoney",
                        "attributes": {
                            "branch_filter": "",
                            "filter_group.#": "0",
                            "id": "trumpmoney",
                            "payload_url": "https://codebuild.us-west-1.amazonaws.com/webhooks?t=eyJlbmNyeXB0ZWREYXRhIjoiZTZYWjIrOHlZRDFNL0NaZzA4M2ZYanB3bjhkWk03K0tNSXdvdjg2ellyZ2FsNm1JUGNacGd2WWNXUC9HdHVWZTlLM3JkWEJkRlUyV1dySEtRU1hrdjFVPSIsIml2UGFyYW1ldGVyU3BlYyI6IjY3UUJ4cVJ2TjNtTC9PcTYiLCJtYXRlcmlhbFNldFNlcmlhbCI6MX0%3D\u0026v=1",
                            "project_name": "trumpmoney",
                            "secret": "",
                            "url": "https://api.github.com/repos/stinkyfingers/trumpmoney/hooks/133101707"
                        },
                        "meta": {},
                        "tainted": false
                    },
                    "deposed": [],
                    "provider": "provider.aws"
                },
                "aws_iam_role.trumpmoney": {
                    "type": "aws_iam_role",
                    "depends_on": [],
                    "primary": {
                        "id": "trumpmoney_pipeline_role",
                        "attributes": {
                            "arn": "arn:aws:iam::671958020402:role/trumpmoney_pipeline_role",
                            "assume_role_policy": "{\"Version\":\"2012-10-17\",\"Statement\":[{\"Effect\":\"Allow\",\"Principal\":{\"Service\":\"codebuild.amazonaws.com\"},\"Action\":\"sts:AssumeRole\"}]}",
                            "create_date": "2019-08-19T17:24:11Z",
                            "description": "",
                            "force_detach_policies": "false",
                            "id": "trumpmoney_pipeline_role",
                            "max_session_duration": "3600",
                            "name": "trumpmoney_pipeline_role",
                            "path": "/",
                            "tags.%": "0",
                            "unique_id": "AROAZY46RWEZPLKJX3EY4"
                        },
                        "meta": {},
                        "tainted": false
                    },
                    "deposed": [],
                    "provider": "provider.aws"
                },
                "aws_iam_role_policy.trumpmoney": {
                    "type": "aws_iam_role_policy",
                    "depends_on": [
                        "aws_iam_role.trumpmoney",
                        "aws_s3_bucket.trumpmoney"
                    ],
                    "primary": {
                        "id": "trumpmoney_pipeline_role:trumpmoney_pipeline_policy",
                        "attributes": {
                            "id": "trumpmoney_pipeline_role:trumpmoney_pipeline_policy",
                            "name": "trumpmoney_pipeline_policy",
                            "policy": "{\n  \"Version\": \"2012-10-17\",\n  \"Statement\": [\n    {\n      \"Effect\":\"Allow\",\n      \"Action\": [\n        \"s3:Get*\",\n        \"s3:List*\",\n        \"s3:PutObject\"\n      ],\n      \"Resource\": [\n        \"arn:aws:s3:::trumpmoney.john-shenk.com\",\n        \"arn:aws:s3:::trumpmoney.john-shenk.com/*\"\n      ]\n    },\n    {\n      \"Effect\": \"Allow\",\n      \"Action\": [\n        \"codebuild:BatchGetBuilds\",\n        \"codebuild:StartBuild\"\n      ],\n      \"Resource\": \"*\"\n    },\n    {\n      \"Effect\": \"Allow\",\n      \"Action\": [\n        \"codebuild:*\"\n      ],\n      \"Resource\": \"*\"\n    }\n  ]\n}\n",
                            "role": "trumpmoney_pipeline_role"
                        },
                        "meta": {},
                        "tainted": false
                    },
                    "deposed": [],
                    "provider": "provider.aws"
                },
                "aws_s3_bucket.trumpmoney": {
                    "type": "aws_s3_bucket",
                    "depends_on": [],
                    "primary": {
                        "id": "trumpmoney.john-shenk.com",
                        "attributes": {
                            "acceleration_status": "",
                            "arn": "arn:aws:s3:::trumpmoney.john-shenk.com",
                            "bucket": "trumpmoney.john-shenk.com",
                            "bucket_domain_name": "trumpmoney.john-shenk.com.s3.amazonaws.com",
                            "bucket_regional_domain_name": "trumpmoney.john-shenk.com.s3.us-west-1.amazonaws.com",
                            "cors_rule.#": "0",
                            "force_destroy": "false",
                            "hosted_zone_id": "Z2F56UZL2M1ACD",
                            "id": "trumpmoney.john-shenk.com",
                            "lifecycle_rule.#": "0",
                            "logging.#": "0",
                            "object_lock_configuration.#": "0",
                            "region": "us-west-1",
                            "replication_configuration.#": "0",
                            "request_payer": "BucketOwner",
                            "server_side_encryption_configuration.#": "0",
                            "tags.%": "0",
                            "versioning.#": "1",
                            "versioning.0.enabled": "false",
                            "versioning.0.mfa_delete": "false",
                            "website.#": "1",
                            "website.0.error_document": "",
                            "website.0.index_document": "index.html",
                            "website.0.redirect_all_requests_to": "",
                            "website.0.routing_rules": "",
                            "website_domain": "s3-website-us-west-1.amazonaws.com",
                            "website_endpoint": "trumpmoney.john-shenk.com.s3-website-us-west-1.amazonaws.com"
                        },
                        "meta": {},
                        "tainted": false
                    },
                    "deposed": [],
                    "provider": "provider.aws"
                },
                "aws_s3_bucket_policy.trumpmoney": {
                    "type": "aws_s3_bucket_policy",
                    "depends_on": [
                        "aws_s3_bucket.trumpmoney"
                    ],
                    "primary": {
                        "id": "trumpmoney.john-shenk.com",
                        "attributes": {
                            "bucket": "trumpmoney.john-shenk.com",
                            "id": "trumpmoney.john-shenk.com",
                            "policy": "{\"Version\":\"2012-10-17\",\"Statement\":[{\"Sid\":\"PublicReadForGetBucketObjects\",\"Effect\":\"Allow\",\"Principal\":\"*\",\"Action\":\"s3:GetObject\",\"Resource\":\"arn:aws:s3:::trumpmoney.john-shenk.com/*\"}]}"
                        },
                        "meta": {},
                        "tainted": false
                    },
                    "deposed": [],
                    "provider": "provider.aws"
                }
            },
            "depends_on": []
        }
    ]
}
